{
    "name": "@logigo/bridge",
    "version": "1.0.0",
    "lockfileVersion": 3,
    "requires": true,
    "packages": {
        "": {
            "name": "@logigo/bridge",
            "version": "1.0.0",
            "license": "MIT",
            "dependencies": {
                "acorn": "^8.11.3",
                "dagre": "^0.8.5"
            },
            "devDependencies": {
                "@types/dagre": "^0.7.52",
                "@types/node": "^20.11.0",
                "typescript": "^5.3.3"
            }
        },
        "node_modules/@types/dagre": {
            "version": "0.7.53",
            "resolved": "https://registry.npmjs.org/@types/dagre/-/dagre-0.7.53.tgz",
            "integrity": "sha512-f4gkWqzPZvYmKhOsDnhq/R8mO4UMcKdxZo+i5SCkOU1wvGeHJeUXGIHeE9pnwGyPMDof1Vx5ZQo4nxpeg2TTVQ==",
            "dev": true,
            "license": "MIT"
        },
        "node_modules/@types/node": {
            "version": "20.19.25",
            "resolved": "https://registry.npmjs.org/@types/node/-/node-20.19.25.tgz",
            "integrity": "sha512-ZsJzA5thDQMSQO788d7IocwwQbI8B5OPzmqNvpf3NY/+MHDAS759Wo0gd2WQeXYt5AAAQjzcrTVC6SKCuYgoCQ==",
            "dev": true,
            "license": "MIT",
            "dependencies": {
                "undici-types": "~6.21.0"
            }
        },
        "node_modules/acorn": {
            "version": "8.15.0",
            "resolved": "https://registry.npmjs.org/acorn/-/acorn-8.15.0.tgz",
            "integrity": "sha512-NZyJarBfL7nWwIq+FDL6Zp/yHEhePMNnnJ0y3qfieCrmNvYct8uvtiV41UvlSe6apAfk0fY1FbWx+NwfmpvtTg==",
            "license": "MIT",
            "bin": {
                "acorn": "bin/acorn"
            },
            "engines": {
                "node": ">=0.4.0"
            }
        },
        "node_modules/dagre": {
            "version": "0.8.5",
            "resolved": "https://registry.npmjs.org/dagre/-/dagre-0.8.5.tgz",
            "integrity": "sha512-/aTqmnRta7x7MCCpExk7HQL2O4owCT2h8NT//9I1OQ9vt29Pa0BzSAkR5lwFUcQ7491yVi/3CXU9jQ5o0Mn2Sw==",
            "license": "MIT",
            "dependencies": {
                "graphlib": "^2.1.8",
                "lodash": "^4.17.15"
            }
        },
        "node_modules/graphlib": {
            "version": "2.1.8",
            "resolved": "https://registry.npmjs.org/graphlib/-/graphlib-2.1.8.tgz",
            "integrity": "sha512-jcLLfkpoVGmH7/InMC/1hIvOPSUh38oJtGhvrOFGzioE1DZ+0YW16RgmOJhHiuWTvGiJQ9Z1Ik43JvkRPRvE+A==",
            "license": "MIT",
            "dependencies": {
                "lodash": "^4.17.15"
            }
        },
        "node_modules/lodash": {
            "version": "4.17.21",
            "resolved": "https://registry.npmjs.org/lodash/-/lodash-4.17.21.tgz",
            "integrity": "sha512-v2kDEe57lecTulaDIuNTPy3Ry4gLGJ6Z1O3vE1krgXZNrsQ+LFTGHVxVjcXPs17LhbZVGedAJv8XZ1tvj5FvSg==",
            "license": "MIT"
        },
        "node_modules/typescript": {
            "version": "5.9.3",
            "resolved": "https://registry.npmjs.org/typescript/-/typescript-5.9.3.tgz",
            "integrity": "sha512-jl1vZzPDinLr9eUt3J/t7V6FgNEw9QjvBPdysz9KfQDD41fQrC2Y4vKQdiaUpFT4bXlb1RHhLpp8wtm6M5TgSw==",
            "dev": true,
            "license": "Apache-2.0",
            "bin": {
                "tsc": "bin/tsc",
                "tsserver": "bin/tsserver"
            },
            "engines": {
                "node": ">=14.17"
            }
        },
        "node_modules/undici-types": {
            "version": "6.21.0",
            "resolved": "https://registry.npmjs.org/undici-types/-/undici-types-6.21.0.tgz",
            "integrity": "sha512-iwDZqg0QAGrg9Rav5H4n0M64c3mkR59cJ6wQp+7C4nI0gsmExaedaYLNO44eT4AtBBwjbTiGPMlt2Md0T9H9JQ==",
            "dev": true,
            "license": "MIT"
        }
    }
}
